
Microsoft Visual Studio Solution File, Format Version 12.00
# Visual Studio Version 16
VisualStudioVersion = 16.0.31729.503
MinimumVisualStudioVersion = 10.0.40219.1
Project("{FAE04EC0-301F-11D3-BF4B-00C04F79EFBC}") = "NumberGuesser", "NumberGuesser.csproj", "{8AF960D5-0D49-489E-AE73-07D2C95CF3D4}"
EndProject
Global
	GlobalSection(SolutionConfigurationPlatforms) = preSolution
		Debug|Any CPU = Debug|Any CPU
		Release|Any CPU = Release|Any CPU
	EndGlobalSection
	GlobalSection(ProjectConfigurationPlatforms) = postSolution
		{8AF960D5-0D49-489E-AE73-07D2C95CF3D4}.Debug|Any CPU.ActiveCfg = Debug|Any CPU
		{8AF960D5-0D49-489E-AE73-07D2C95CF3D4}.Debug|Any CPU.Build.0 = Debug|Any CPU
		{8AF960D5-0D49-489E-AE73-07D2C95CF3D4}.Release|Any CPU.ActiveCfg = Release|Any CPU
		{8AF960D5-0D49-489E-AE73-07D2C95CF3D4}.Release|Any CPU.Build.0 = Release|Any CPU
	EndGlobalSection
	GlobalSection(SolutionProperties) = preSolution
		HideSolutionNode = FALSE
	EndGlobalSection
	GlobalSection(ExtensibilityGlobals) = postSolution
		SolutionGuid = {39396E96-55E5-4DD1-8339-A993ED876EA2}
	EndGlobalSection
EndGlobal
